
Microsoft Visual Studio Solution File, Format Version 12.00
# Visual Studio 15
VisualStudioVersion = 15.0.28010.2046
MinimumVisualStudioVersion = 10.0.40219.1
Project("{FAE04EC0-301F-11D3-BF4B-00C04F79EFBC}") = "10001009-Q5", "10001009-Q5\10001009-Q5.csproj", "{4FEC9B88-E07C-4E56-951E-ED9E9C945DDE}"
EndProject
Global
	GlobalSection(SolutionConfigurationPlatforms) = preSolution
		Debug|Any CPU = Debug|Any CPU
		Release|Any CPU = Release|Any CPU
	EndGlobalSection
	GlobalSection(ProjectConfigurationPlatforms) = postSolution
		{4FEC9B88-E07C-4E56-951E-ED9E9C945DDE}.Debug|Any CPU.ActiveCfg = Debug|Any CPU
		{4FEC9B88-E07C-4E56-951E-ED9E9C945DDE}.Debug|Any CPU.Build.0 = Debug|Any CPU
		{4FEC9B88-E07C-4E56-951E-ED9E9C945DDE}.Release|Any CPU.ActiveCfg = Release|Any CPU
		{4FEC9B88-E07C-4E56-951E-ED9E9C945DDE}.Release|Any CPU.Build.0 = Release|Any CPU
	EndGlobalSection
	GlobalSection(SolutionProperties) = preSolution
		HideSolutionNode = FALSE
	EndGlobalSection
	GlobalSection(ExtensibilityGlobals) = postSolution
		SolutionGuid = {22F2DF3C-6FC4-46E8-9C6B-7FE93C5B33E3}
	EndGlobalSection
EndGlobal
